
Microsoft Visual Studio Solution File, Format Version 12.00
# Visual Studio Version 17
VisualStudioVersion = 17.14.36301.6 d17.14
MinimumVisualStudioVersion = 10.0.40219.1
Project("{FAE04EC0-301F-11D3-BF4B-00C04F79EFBC}") = "Coding Tracker", "Coding Tracker\Coding Tracker.csproj", "{E3584F07-586E-455F-94F8-0DD2E1021940}"
EndProject
Global
	GlobalSection(SolutionConfigurationPlatforms) = preSolution
		Debug|Any CPU = Debug|Any CPU
		Release|Any CPU = Release|Any CPU
	EndGlobalSection
	GlobalSection(ProjectConfigurationPlatforms) = postSolution
		{E3584F07-586E-455F-94F8-0DD2E1021940}.Debug|Any CPU.ActiveCfg = Debug|Any CPU
		{E3584F07-586E-455F-94F8-0DD2E1021940}.Debug|Any CPU.Build.0 = Debug|Any CPU
		{E3584F07-586E-455F-94F8-0DD2E1021940}.Release|Any CPU.ActiveCfg = Release|Any CPU
		{E3584F07-586E-455F-94F8-0DD2E1021940}.Release|Any CPU.Build.0 = Release|Any CPU
	EndGlobalSection
	GlobalSection(SolutionProperties) = preSolution
		HideSolutionNode = FALSE
	EndGlobalSection
	GlobalSection(ExtensibilityGlobals) = postSolution
		SolutionGuid = {E9B2F750-BAC0-4C80-8780-D11BA2AECE50}
	EndGlobalSection
EndGlobal
